
Microsoft Visual Studio Solution File, Format Version 12.00
# SQL Server Management Studio Version 21
VisualStudioVersion = 17.14.36408.4
MinimumVisualStudioVersion = 10.0.40219.1
Project("{4F2E2C19-372F-40D8-9FA7-9D2138C6997A}") = "SiamSmileSQLClaimPayBack", "SiamSmileSQLClaimPayBack.ssmssqlproj", "{81F9C8E8-7583-A700-5CE6-F9B6F3403E8E}"
EndProject
Project("{2150E333-8FDC-42A3-9474-1A3956D46DE8}") = "V1.6.0", "V1.6.0", "{02EA681E-C7D8-13C7-8484-4AC65E1B71E8}"
	ProjectSection(SolutionItems) = preProject
		V_1_6_0.sql = V_1_6_0.sql
	EndProjectSection
EndProject
Project("{2150E333-8FDC-42A3-9474-1A3956D46DE8}") = "Fix_Data", "Fix_Data", "{393229F8-4702-459F-92F1-5A0BF9FC3693}"
	ProjectSection(SolutionItems) = preProject
		InsertOut2Billing.sql = InsertOut2Billing.sql
		Insert_ClaimPayBackDetailReport.sql = Insert_ClaimPayBackDetailReport.sql
	EndProjectSection
EndProject
Project("{2150E333-8FDC-42A3-9474-1A3956D46DE8}") = "V1.8.0_Draft", "V1.8.0_Draft", "{DFCBEBB0-8BF8-4575-ADFF-33B9D0E8DD7A}"
	ProjectSection(SolutionItems) = preProject
		Create_BillingRequestGroupSFTPEncryption.sql = Create_BillingRequestGroupSFTPEncryption.sql
		Create_BillingRequestResultImport.sql = Create_BillingRequestResultImport.sql
		Create_usp_BillingRequestResultImportGroup_Insert.sql = Create_usp_BillingRequestResultImportGroup_Insert.sql
		Create_usp_BillingRequestResultImportGroup_Select.sql = Create_usp_BillingRequestResultImportGroup_Select.sql
		Insert_ProgramConfig_CHUBB.sql = Insert_ProgramConfig_CHUBB.sql
		Create_usp_Report_PAClaimBeforePolicyApproval_Select.sql = Create_usp_Report_PAClaimBeforePolicyApproval_Select.sql
	EndProjectSection
EndProject
Global
	GlobalSection(SolutionConfigurationPlatforms) = preSolution
		Default|Default = Default|Default
	EndGlobalSection
	GlobalSection(ProjectConfigurationPlatforms) = postSolution
		{81F9C8E8-7583-A700-5CE6-F9B6F3403E8E}.Default|Default.ActiveCfg = Default
		{9D14CCBD-BD62-46B2-A09A-63D791454488}.Default|Default.ActiveCfg = Default
	EndGlobalSection
	GlobalSection(SolutionProperties) = preSolution
		HideSolutionNode = FALSE
	EndGlobalSection
	GlobalSection(ExtensibilityGlobals) = postSolution
		SolutionGuid = {2C88ABC5-1689-4730-9D29-A234455C538E}
	EndGlobalSection
EndGlobal
