
Microsoft Visual Studio Solution File, Format Version 12.00
# SQL Server Management Studio Version 21
VisualStudioVersion = 17.14.36408.4
MinimumVisualStudioVersion = 10.0.40219.1
Project("{4F2E2C19-372F-40D8-9FA7-9D2138C6997A}") = "SiamSmileSQLClaimPayBack", "SiamSmileSQLClaimPayBack.ssmssqlproj", "{81F9C8E8-7583-A700-5CE6-F9B6F3403E8E}"
EndProject
Global
	GlobalSection(SolutionConfigurationPlatforms) = preSolution
		Default|Default = Default|Default
	EndGlobalSection
	GlobalSection(ProjectConfigurationPlatforms) = postSolution
		{81F9C8E8-7583-A700-5CE6-F9B6F3403E8E}.Default|Default.ActiveCfg = Default
		{230C960E-C13A-429B-A448-C953A86BCB72}.Default|Default.ActiveCfg = Default
	EndGlobalSection
	GlobalSection(SolutionProperties) = preSolution
		HideSolutionNode = FALSE
	EndGlobalSection
	GlobalSection(ExtensibilityGlobals) = postSolution
		SolutionGuid = {2C88ABC5-1689-4730-9D29-A234455C538E}
	EndGlobalSection
EndGlobal
